{
  "requires": true,
  "lockfileVersion": 1,
  "dependencies": {
    "muz-palindrome": {
      "version": "0.1.0",
      "resolved": "https://registry.npmjs.org/muz-palindrome/-/muz-palindrome-0.1.0.tgz",
      "integrity": "sha512-1B+fH2JQ0VK3qM1odtF2Qa4+pDSmDgbN24ZkpSiLclnO4+WmS49WN00hCIHvGhuxEvVdZBzDRxOKgZJ3k3lmyQ=="
    }
  }
}
